dependencies:
- name: ms-dep-pkg-cud
  repository: https://ortelius.github.io/ms-dep-pkg-cud/
  version: 10.0.8
- name: ms-dep-pkg-r
  repository: https://ortelius.github.io/ms-dep-pkg-r/
  version: 10.0.16
- name: ms-textfile-crud
  repository: https://ortelius.github.io/ms-textfile-crud/
  version: 10.0.16
- name: ms-compitem-crud
  repository: https://ortelius.github.io/ms-compitem-crud/
  version: 10.0.10
- name: ms-validate-user
  repository: https://ortelius.github.io/ms-validate-user/
  version: 10.0.20
- name: ms-scorecard
  repository: https://ortelius.github.io/ms-scorecard/
  version: 10.0.64
- name: ms-postgres
  repository: https://ortelius.github.io/ms-postgres/
  version: 10.0.10
- name: ms-general
  repository: https://ortelius.github.io/ortelius/
  version: 10.0.58
- name: ms-nginx
  repository: https://ortelius.github.io/ortelius/
  version: 10.0.58
- name: ms-ui
  repository: https://ortelius.github.io/ortelius/
  version: 10.0.58
digest: sha256:7fe95b7d87cf9c10e2c24223a887a58beb4d0ef9c5b1344c86203b00be79f276
generated: "2023-02-21T04:03:06.273582053Z"
